
Microsoft Visual Studio Solution File, Format Version 12.00
# Visual Studio Version 17
VisualStudioVersion = 17.14.37012.4
MinimumVisualStudioVersion = 10.0.40219.1
Project("{FAE04EC0-301F-11D3-BF4B-00C04F79EFBC}") = "WebApp_1", "WebApp_1\WebApp_1.csproj", "{B86E2BEC-F6C1-48A8-8260-2BCA248D361B}"
EndProject
Project("{FAE04EC0-301F-11D3-BF4B-00C04F79EFBC}") = "KintaiApp", "KintaiApp\KintaiApp.csproj", "{5B74CB77-1314-4A07-9B08-7854EC816F3C}"
EndProject
Global
	GlobalSection(SolutionConfigurationPlatforms) = preSolution
		Debug|Any CPU = Debug|Any CPU
		Release|Any CPU = Release|Any CPU
	EndGlobalSection
	GlobalSection(ProjectConfigurationPlatforms) = postSolution
		{B86E2BEC-F6C1-48A8-8260-2BCA248D361B}.Debug|Any CPU.ActiveCfg = Debug|Any CPU
		{B86E2BEC-F6C1-48A8-8260-2BCA248D361B}.Debug|Any CPU.Build.0 = Debug|Any CPU
		{B86E2BEC-F6C1-48A8-8260-2BCA248D361B}.Release|Any CPU.ActiveCfg = Release|Any CPU
		{B86E2BEC-F6C1-48A8-8260-2BCA248D361B}.Release|Any CPU.Build.0 = Release|Any CPU
		{5B74CB77-1314-4A07-9B08-7854EC816F3C}.Debug|Any CPU.ActiveCfg = Debug|Any CPU
		{5B74CB77-1314-4A07-9B08-7854EC816F3C}.Debug|Any CPU.Build.0 = Debug|Any CPU
		{5B74CB77-1314-4A07-9B08-7854EC816F3C}.Release|Any CPU.ActiveCfg = Release|Any CPU
		{5B74CB77-1314-4A07-9B08-7854EC816F3C}.Release|Any CPU.Build.0 = Release|Any CPU
	EndGlobalSection
	GlobalSection(SolutionProperties) = preSolution
		HideSolutionNode = FALSE
	EndGlobalSection
	GlobalSection(ExtensibilityGlobals) = postSolution
		SolutionGuid = {83141515-EB3C-4B85-982E-24B4B2E016DE}
	EndGlobalSection
EndGlobal
